
Microsoft Visual Studio Solution File, Format Version 12.00
# Visual Studio Version 16
VisualStudioVersion = 16.0.30011.22
MinimumVisualStudioVersion = 10.0.40219.1
Project("{FAE04EC0-301F-11D3-BF4B-00C04F79EFBC}") = "Lesson7.DZ", "Lesson7.DZ\Lesson7.DZ.csproj", "{0730144C-77A2-4219-B3C4-9AC3EE7DBC8E}"
EndProject
Global
	GlobalSection(SolutionConfigurationPlatforms) = preSolution
		Debug|Any CPU = Debug|Any CPU
		Release|Any CPU = Release|Any CPU
	EndGlobalSection
	GlobalSection(ProjectConfigurationPlatforms) = postSolution
		{0730144C-77A2-4219-B3C4-9AC3EE7DBC8E}.Debug|Any CPU.ActiveCfg = Debug|Any CPU
		{0730144C-77A2-4219-B3C4-9AC3EE7DBC8E}.Debug|Any CPU.Build.0 = Debug|Any CPU
		{0730144C-77A2-4219-B3C4-9AC3EE7DBC8E}.Release|Any CPU.ActiveCfg = Release|Any CPU
		{0730144C-77A2-4219-B3C4-9AC3EE7DBC8E}.Release|Any CPU.Build.0 = Release|Any CPU
	EndGlobalSection
	GlobalSection(SolutionProperties) = preSolution
		HideSolutionNode = FALSE
	EndGlobalSection
	GlobalSection(ExtensibilityGlobals) = postSolution
		SolutionGuid = {F56673DA-4BE1-42D7-A3E3-F4CD889A4988}
	EndGlobalSection
EndGlobal
